
Microsoft Visual Studio Solution File, Format Version 12.00
# Visual Studio 2012
Project("{FAE04EC0-301F-11D3-BF4B-00C04F79EFBC}") = "printSelectedCoa", "printSelectedCoa\printSelectedCoa.csproj", "{DB04ED77-C4B9-450C-BEDC-45C6BE9EDA9D}"
EndProject
Project("{FAE04EC0-301F-11D3-BF4B-00C04F79EFBC}") = "Common", "..\General\Common\Common.csproj", "{A60242B9-5382-4A90-91F8-F390DA706AE7}"
EndProject
Project("{FAE04EC0-301F-11D3-BF4B-00C04F79EFBC}") = "DAL", "..\General\DAL\DAL.csproj", "{FB002602-1B33-465B-9414-AD1A8FE98325}"
EndProject
Project("{FAE04EC0-301F-11D3-BF4B-00C04F79EFBC}") = "One1.Controls", "..\One1.Controls\One1.Controls\One1.Controls.csproj", "{84C7E3A4-C128-492A-B6CD-36CB3C1A844F}"
EndProject
Global
	GlobalSection(SolutionConfigurationPlatforms) = preSolution
		Debug|Any CPU = Debug|Any CPU
		Release|Any CPU = Release|Any CPU
	EndGlobalSection
	GlobalSection(ProjectConfigurationPlatforms) = postSolution
		{DB04ED77-C4B9-450C-BEDC-45C6BE9EDA9D}.Debug|Any CPU.ActiveCfg = Debug|Any CPU
		{DB04ED77-C4B9-450C-BEDC-45C6BE9EDA9D}.Debug|Any CPU.Build.0 = Debug|Any CPU
		{DB04ED77-C4B9-450C-BEDC-45C6BE9EDA9D}.Release|Any CPU.ActiveCfg = Release|Any CPU
		{DB04ED77-C4B9-450C-BEDC-45C6BE9EDA9D}.Release|Any CPU.Build.0 = Release|Any CPU
		{A60242B9-5382-4A90-91F8-F390DA706AE7}.Debug|Any CPU.ActiveCfg = Debug|Any CPU
		{A60242B9-5382-4A90-91F8-F390DA706AE7}.Debug|Any CPU.Build.0 = Debug|Any CPU
		{A60242B9-5382-4A90-91F8-F390DA706AE7}.Release|Any CPU.ActiveCfg = Release|Any CPU
		{A60242B9-5382-4A90-91F8-F390DA706AE7}.Release|Any CPU.Build.0 = Release|Any CPU
		{FB002602-1B33-465B-9414-AD1A8FE98325}.Debug|Any CPU.ActiveCfg = Debug|Any CPU
		{FB002602-1B33-465B-9414-AD1A8FE98325}.Debug|Any CPU.Build.0 = Debug|Any CPU
		{FB002602-1B33-465B-9414-AD1A8FE98325}.Release|Any CPU.ActiveCfg = Release|Any CPU
		{FB002602-1B33-465B-9414-AD1A8FE98325}.Release|Any CPU.Build.0 = Release|Any CPU
		{84C7E3A4-C128-492A-B6CD-36CB3C1A844F}.Debug|Any CPU.ActiveCfg = Debug|Any CPU
		{84C7E3A4-C128-492A-B6CD-36CB3C1A844F}.Debug|Any CPU.Build.0 = Debug|Any CPU
		{84C7E3A4-C128-492A-B6CD-36CB3C1A844F}.Release|Any CPU.ActiveCfg = Release|Any CPU
		{84C7E3A4-C128-492A-B6CD-36CB3C1A844F}.Release|Any CPU.Build.0 = Release|Any CPU
	EndGlobalSection
	GlobalSection(SolutionProperties) = preSolution
		HideSolutionNode = FALSE
	EndGlobalSection
EndGlobal
